// !$*UTF8*$!
{
	archiveVersion = 1;
	classes = {
	};
	objectVersion = 56;
	objects = {

/* Begin PBXBuildFile section */
		ABCAF27A2C19C58200A869DB /* SnowSeekerApp.swift in Sources */ = {isa = PBXBuildFile; fileRef = ABCAF2792C19C58200A869DB /* SnowSeekerApp.swift */; };
		ABCAF27C2C19C58200A869DB /* ContentView.swift in Sources */ = {isa = PBXBuildFile; fileRef = ABCAF27B2C19C58200A869DB /* ContentView.swift */; };
		ABCAF27E2C19C58500A869DB /* Assets.xcassets in Resources */ = {isa = PBXBuildFile; fileRef = ABCAF27D2C19C58500A869DB /* Assets.xcassets */; };
		ABCAF2812C19C58500A869DB /* Preview Assets.xcassets in Resources */ = {isa = PBXBuildFile; fileRef = ABCAF2802C19C58500A869DB /* Preview Assets.xcassets */; };
		ABCAF2882C19C60100A869DB /* resorts.json in Resources */ = {isa = PBXBuildFile; fileRef = ABCAF2872C19C60000A869DB /* resorts.json */; };
		ABCAF28A2C19C8D400A869DB /* Resort.swift in Sources */ = {isa = PBXBuildFile; fileRef = ABCAF2892C19C8D400A869DB /* Resort.swift */; };
		ABCAF28C2C19CA8F00A869DB /* Bundle+Decodable.swift in Sources */ = {isa = PBXBuildFile; fileRef = ABCAF28B2C19CA8F00A869DB /* Bundle+Decodable.swift */; };
		ABCAF28E2C19D0F000A869DB /* WelcomeView.swift in Sources */ = {isa = PBXBuildFile; fileRef = ABCAF28D2C19D0F000A869DB /* WelcomeView.swift */; };
		ABCAF2902C19F1F500A869DB /* ResortView.swift in Sources */ = {isa = PBXBuildFile; fileRef = ABCAF28F2C19F1F500A869DB /* ResortView.swift */; };
		ABCAF2922C19F65C00A869DB /* SkiDetailsView.swift in Sources */ = {isa = PBXBuildFile; fileRef = ABCAF2912C19F65C00A869DB /* SkiDetailsView.swift */; };
		ABCAF2942C19F76900A869DB /* ResortDetailsView.swift in Sources */ = {isa = PBXBuildFile; fileRef = ABCAF2932C19F76900A869DB /* ResortDetailsView.swift */; };
		ABCAF2962C19FD7800A869DB /* Facility.swift in Sources */ = {isa = PBXBuildFile; fileRef = ABCAF2952C19FD7800A869DB /* Facility.swift */; };
		ABCAF2982C1A021700A869DB /* Favorites.swift in Sources */ = {isa = PBXBuildFile; fileRef = ABCAF2972C1A021700A869DB /* Favorites.swift */; };
/* End PBXBuildFile section */

/* Begin PBXFileReference section */
		ABCAF2762C19C58200A869DB /* SnowSeeker.app */ = {isa = PBXFileReference; explicitFileType = wrapper.application; includeInIndex = 0; path = SnowSeeker.app; sourceTree = BUILT_PRODUCTS_DIR; };
		ABCAF2792C19C58200A869DB /* SnowSeekerApp.swift */ = {isa = PBXFileReference; lastKnownFileType = sourcecode.swift; path = SnowSeekerApp.swift; sourceTree = "<group>"; };
		ABCAF27B2C19C58200A869DB /* ContentView.swift */ = {isa = PBXFileReference; lastKnownFileType = sourcecode.swift; path = ContentView.swift; sourceTree = "<group>"; };
		ABCAF27D2C19C58500A869DB /* Assets.xcassets */ = {isa = PBXFileReference; lastKnownFileType = folder.assetcatalog; path = Assets.xcassets; sourceTree = "<group>"; };
		ABCAF2802C19C58500A869DB /* Preview Assets.xcassets */ = {isa = PBXFileReference; lastKnownFileType = folder.assetcatalog; path = "Preview Assets.xcassets"; sourceTree = "<group>"; };
		ABCAF2872C19C60000A869DB /* resorts.json */ = {isa = PBXFileReference; fileEncoding = 4; lastKnownFileType = text.json; path = resorts.json; sourceTree = "<group>"; };
		ABCAF2892C19C8D400A869DB /* Resort.swift */ = {isa = PBXFileReference; lastKnownFileType = sourcecode.swift; path = Resort.swift; sourceTree = "<group>"; };
		ABCAF28B2C19CA8F00A869DB /* Bundle+Decodable.swift */ = {isa = PBXFileReference; lastKnownFileType = sourcecode.swift; path = "Bundle+Decodable.swift"; sourceTree = "<group>"; };
		ABCAF28D2C19D0F000A869DB /* WelcomeView.swift */ = {isa = PBXFileReference; lastKnownFileType = sourcecode.swift; path = WelcomeView.swift; sourceTree = "<group>"; };
		ABCAF28F2C19F1F500A869DB /* ResortView.swift */ = {isa = PBXFileReference; lastKnownFileType = sourcecode.swift; path = ResortView.swift; sourceTree = "<group>"; };
		ABCAF2912C19F65C00A869DB /* SkiDetailsView.swift */ = {isa = PBXFileReference; lastKnownFileType = sourcecode.swift; path = SkiDetailsView.swift; sourceTree = "<group>"; };
		ABCAF2932C19F76900A869DB /* ResortDetailsView.swift */ = {isa = PBXFileReference; lastKnownFileType = sourcecode.swift; path = ResortDetailsView.swift; sourceTree = "<group>"; };
		ABCAF2952C19FD7800A869DB /* Facility.swift */ = {isa = PBXFileReference; lastKnownFileType = sourcecode.swift; path = Facility.swift; sourceTree = "<group>"; };
		ABCAF2972C1A021700A869DB /* Favorites.swift */ = {isa = PBXFileReference; lastKnownFileType = sourcecode.swift; path = Favorites.swift; sourceTree = "<group>"; };
/* End PBXFileReference section */

/* Begin PBXFrameworksBuildPhase section */
		ABCAF2732C19C58200A869DB /* Frameworks */ = {
			isa = PBXFrameworksBuildPhase;
			buildActionMask = 2147483647;
			files = (
			);
			runOnlyForDeploymentPostprocessing = 0;
		};
/* End PBXFrameworksBuildPhase section */

/* Begin PBXGroup section */
		ABCAF26D2C19C58200A869DB = {
			isa = PBXGroup;
			children = (
				ABCAF2972C1A021700A869DB /* Favorites.swift */,
				ABCAF2782C19C58200A869DB /* SnowSeeker */,
				ABCAF2772C19C58200A869DB /* Products */,
			);
			sourceTree = "<group>";
		};
		ABCAF2772C19C58200A869DB /* Products */ = {
			isa = PBXGroup;
			children = (
				ABCAF2762C19C58200A869DB /* SnowSeeker.app */,
			);
			name = Products;
			sourceTree = "<group>";
		};
		ABCAF2782C19C58200A869DB /* SnowSeeker */ = {
			isa = PBXGroup;
			children = (
				ABCAF2792C19C58200A869DB /* SnowSeekerApp.swift */,
				ABCAF27B2C19C58200A869DB /* ContentView.swift */,
				ABCAF28F2C19F1F500A869DB /* ResortView.swift */,
				ABCAF2952C19FD7800A869DB /* Facility.swift */,
				ABCAF2932C19F76900A869DB /* ResortDetailsView.swift */,
				ABCAF2912C19F65C00A869DB /* SkiDetailsView.swift */,
				ABCAF28D2C19D0F000A869DB /* WelcomeView.swift */,
				ABCAF2892C19C8D400A869DB /* Resort.swift */,
				ABCAF28B2C19CA8F00A869DB /* Bundle+Decodable.swift */,
				ABCAF2872C19C60000A869DB /* resorts.json */,
				ABCAF27D2C19C58500A869DB /* Assets.xcassets */,
				ABCAF27F2C19C58500A869DB /* Preview Content */,
			);
			path = SnowSeeker;
			sourceTree = "<group>";
		};
		ABCAF27F2C19C58500A869DB /* Preview Content */ = {
			isa = PBXGroup;
			children = (
				ABCAF2802C19C58500A869DB /* Preview Assets.xcassets */,
			);
			path = "Preview Content";
			sourceTree = "<group>";
		};
/* End PBXGroup section */

/* Begin PBXNativeTarget section */
		ABCAF2752C19C58200A869DB /* SnowSeeker */ = {
			isa = PBXNativeTarget;
			buildConfigurationList = ABCAF2842C19C58500A869DB /* Build configuration list for PBXNativeTarget "SnowSeeker" */;
			buildPhases = (
				ABCAF2722C19C58200A869DB /* Sources */,
				ABCAF2732C19C58200A869DB /* Frameworks */,
				ABCAF2742C19C58200A869DB /* Resources */,
			);
			buildRules = (
			);
			dependencies = (
			);
			name = SnowSeeker;
			productName = SnowSeeker;
			productReference = ABCAF2762C19C58200A869DB /* SnowSeeker.app */;
			productType = "com.apple.product-type.application";
		};
/* End PBXNativeTarget section */

/* Begin PBXProject section */
		ABCAF26E2C19C58200A869DB /* Project object */ = {
			isa = PBXProject;
			attributes = {
				BuildIndependentTargetsInParallel = 1;
				LastSwiftUpdateCheck = 1540;
				LastUpgradeCheck = 1540;
				TargetAttributes = {
					ABCAF2752C19C58200A869DB = {
						CreatedOnToolsVersion = 15.4;
					};
				};
			};
			buildConfigurationList = ABCAF2712C19C58200A869DB /* Build configuration list for PBXProject "SnowSeeker" */;
			compatibilityVersion = "Xcode 14.0";
			developmentRegion = en;
			hasScannedForEncodings = 0;
			knownRegions = (
				en,
				Base,
			);
			mainGroup = ABCAF26D2C19C58200A869DB;
			productRefGroup = ABCAF2772C19C58200A869DB /* Products */;
			projectDirPath = "";
			projectRoot = "";
			targets = (
				ABCAF2752C19C58200A869DB /* SnowSeeker */,
			);
		};
/* End PBXProject section */

/* Begin PBXResourcesBuildPhase section */
		ABCAF2742C19C58200A869DB /* Resources */ = {
			isa = PBXResourcesBuildPhase;
			buildActionMask = 2147483647;
			files = (
				ABCAF2882C19C60100A869DB /* resorts.json in Resources */,
				ABCAF2812C19C58500A869DB /* Preview Assets.xcassets in Resources */,
				ABCAF27E2C19C58500A869DB /* Assets.xcassets in Resources */,
			);
			runOnlyForDeploymentPostprocessing = 0;
		};
/* End PBXResourcesBuildPhase section */

/* Begin PBXSourcesBuildPhase section */
		ABCAF2722C19C58200A869DB /* Sources */ = {
			isa = PBXSourcesBuildPhase;
			buildActionMask = 2147483647;
			files = (
				ABCAF28E2C19D0F000A869DB /* WelcomeView.swift in Sources */,
				ABCAF2922C19F65C00A869DB /* SkiDetailsView.swift in Sources */,
				ABCAF27C2C19C58200A869DB /* ContentView.swift in Sources */,
				ABCAF2982C1A021700A869DB /* Favorites.swift in Sources */,
				ABCAF2962C19FD7800A869DB /* Facility.swift in Sources */,
				ABCAF28C2C19CA8F00A869DB /* Bundle+Decodable.swift in Sources */,
				ABCAF2902C19F1F500A869DB /* ResortView.swift in Sources */,
				ABCAF28A2C19C8D400A869DB /* Resort.swift in Sources */,
				ABCAF27A2C19C58200A869DB /* SnowSeekerApp.swift in Sources */,
				ABCAF2942C19F76900A869DB /* ResortDetailsView.swift in Sources */,
			);
			runOnlyForDeploymentPostprocessing = 0;
		};
/* End PBXSourcesBuildPhase section */

/* Begin XCBuildConfiguration section */
		ABCAF2822C19C58500A869DB /* Debug */ = {
			isa = XCBuildConfiguration;
			buildSettings = {
				ALWAYS_SEARCH_USER_PATHS = NO;
				ASSETCATALOG_COMPILER_GENERATE_SWIFT_ASSET_SYMBOL_EXTENSIONS = YES;
				CLANG_ANALYZER_NONNULL = YES;
				CLANG_ANALYZER_NUMBER_OBJECT_CONVERSION = YES_AGGRESSIVE;
				CLANG_CXX_LANGUAGE_STANDARD = "gnu++20";
				CLANG_ENABLE_MODULES = YES;
				CLANG_ENABLE_OBJC_ARC = YES;
				CLANG_ENABLE_OBJC_WEAK = YES;
				CLANG_WARN_BLOCK_CAPTURE_AUTORELEASING = YES;
				CLANG_WARN_BOOL_CONVERSION = YES;
				CLANG_WARN_COMMA = YES;
				CLANG_WARN_CONSTANT_CONVERSION = YES;
				CLANG_WARN_DEPRECATED_OBJC_IMPLEMENTATIONS = YES;
				CLANG_WARN_DIRECT_OBJC_ISA_USAGE = YES_ERROR;
				CLANG_WARN_DOCUMENTATION_COMMENTS = YES;
				CLANG_WARN_EMPTY_BODY = YES;
				CLANG_WARN_ENUM_CONVERSION = YES;
				CLANG_WARN_INFINITE_RECURSION = YES;
				CLANG_WARN_INT_CONVERSION = YES;
				CLANG_WARN_NON_LITERAL_NULL_CONVERSION = YES;
				CLANG_WARN_OBJC_IMPLICIT_RETAIN_SELF = YES;
				CLANG_WARN_OBJC_LITERAL_CONVERSION = YES;
				CLANG_WARN_OBJC_ROOT_CLASS = YES_ERROR;
				CLANG_WARN_QUOTED_INCLUDE_IN_FRAMEWORK_HEADER = YES;
				CLANG_WARN_RANGE_LOOP_ANALYSIS = YES;
				CLANG_WARN_STRICT_PROTOTYPES = YES;
				CLANG_WARN_SUSPICIOUS_MOVE = YES;
				CLANG_WARN_UNGUARDED_AVAILABILITY = YES_AGGRESSIVE;
				CLANG_WARN_UNREACHABLE_CODE = YES;
				CLANG_WARN__DUPLICATE_METHOD_MATCH = YES;
				COPY_PHASE_STRIP = NO;
				DEBUG_INFORMATION_FORMAT = dwarf;
				ENABLE_STRICT_OBJC_MSGSEND = YES;
				ENABLE_TESTABILITY = YES;
				ENABLE_USER_SCRIPT_SANDBOXING = YES;
				GCC_C_LANGUAGE_STANDARD = gnu17;
				GCC_DYNAMIC_NO_PIC = NO;
				GCC_NO_COMMON_BLOCKS = YES;
				GCC_OPTIMIZATION_LEVEL = 0;
				GCC_PREPROCESSOR_DEFINITIONS = (
					"DEBUG=1",
					"$(inherited)",
				);
				GCC_WARN_64_TO_32_BIT_CONVERSION = YES;
				GCC_WARN_ABOUT_RETURN_TYPE = YES_ERROR;
				GCC_WARN_UNDECLARED_SELECTOR = YES;
				GCC_WARN_UNINITIALIZED_AUTOS = YES_AGGRESSIVE;
				GCC_WARN_UNUSED_FUNCTION = YES;
				GCC_WARN_UNUSED_VARIABLE = YES;
				IPHONEOS_DEPLOYMENT_TARGET = 17.5;
				LOCALIZATION_PREFERS_STRING_CATALOGS = YES;
				MTL_ENABLE_DEBUG_INFO = INCLUDE_SOURCE;
				MTL_FAST_MATH = YES;
				ONLY_ACTIVE_ARCH = YES;
				SDKROOT = iphoneos;
				SWIFT_ACTIVE_COMPILATION_CONDITIONS = "DEBUG $(inherited)";
				SWIFT_OPTIMIZATION_LEVEL = "-Onone";
			};
			name = Debug;
		};
		ABCAF2832C19C58500A869DB /* Release */ = {
			isa = XCBuildConfiguration;
			buildSettings = {
				ALWAYS_SEARCH_USER_PATHS = NO;
				ASSETCATALOG_COMPILER_GENERATE_SWIFT_ASSET_SYMBOL_EXTENSIONS = YES;
				CLANG_ANALYZER_NONNULL = YES;
				CLANG_ANALYZER_NUMBER_OBJECT_CONVERSION = YES_AGGRESSIVE;
				CLANG_CXX_LANGUAGE_STANDARD = "gnu++20";
				CLANG_ENABLE_MODULES = YES;
				CLANG_ENABLE_OBJC_ARC = YES;
				CLANG_ENABLE_OBJC_WEAK = YES;
				CLANG_WARN_BLOCK_CAPTURE_AUTORELEASING = YES;
				CLANG_WARN_BOOL_CONVERSION = YES;
				CLANG_WARN_COMMA = YES;
				CLANG_WARN_CONSTANT_CONVERSION = YES;
				CLANG_WARN_DEPRECATED_OBJC_IMPLEMENTATIONS = YES;
				CLANG_WARN_DIRECT_OBJC_ISA_USAGE = YES_ERROR;
				CLANG_WARN_DOCUMENTATION_COMMENTS = YES;
				CLANG_WARN_EMPTY_BODY = YES;
				CLANG_WARN_ENUM_CONVERSION = YES;
				CLANG_WARN_INFINITE_RECURSION = YES;
				CLANG_WARN_INT_CONVERSION = YES;
				CLANG_WARN_NON_LITERAL_NULL_CONVERSION = YES;
				CLANG_WARN_OBJC_IMPLICIT_RETAIN_SELF = YES;
				CLANG_WARN_OBJC_LITERAL_CONVERSION = YES;
				CLANG_WARN_OBJC_ROOT_CLASS = YES_ERROR;
				CLANG_WARN_QUOTED_INCLUDE_IN_FRAMEWORK_HEADER = YES;
				CLANG_WARN_RANGE_LOOP_ANALYSIS = YES;
				CLANG_WARN_STRICT_PROTOTYPES = YES;
				CLANG_WARN_SUSPICIOUS_MOVE = YES;
				CLANG_WARN_UNGUARDED_AVAILABILITY = YES_AGGRESSIVE;
				CLANG_WARN_UNREACHABLE_CODE = YES;
				CLANG_WARN__DUPLICATE_METHOD_MATCH = YES;
				COPY_PHASE_STRIP = NO;
				DEBUG_INFORMATION_FORMAT = "dwarf-with-dsym";
				ENABLE_NS_ASSERTIONS = NO;
				ENABLE_STRICT_OBJC_MSGSEND = YES;
				ENABLE_USER_SCRIPT_SANDBOXING = YES;
				GCC_C_LANGUAGE_STANDARD = gnu17;
				GCC_NO_COMMON_BLOCKS = YES;
				GCC_WARN_64_TO_32_BIT_CONVERSION = YES;
				GCC_WARN_ABOUT_RETURN_TYPE = YES_ERROR;
				GCC_WARN_UNDECLARED_SELECTOR = YES;
				GCC_WARN_UNINITIALIZED_AUTOS = YES_AGGRESSIVE;
				GCC_WARN_UNUSED_FUNCTION = YES;
				GCC_WARN_UNUSED_VARIABLE = YES;
				IPHONEOS_DEPLOYMENT_TARGET = 17.5;
				LOCALIZATION_PREFERS_STRING_CATALOGS = YES;
				MTL_ENABLE_DEBUG_INFO = NO;
				MTL_FAST_MATH = YES;
				SDKROOT = iphoneos;
				SWIFT_COMPILATION_MODE = wholemodule;
				VALIDATE_PRODUCT = YES;
			};
			name = Release;
		};
		ABCAF2852C19C58500A869DB /* Debug */ = {
			isa = XCBuildConfiguration;
			buildSettings = {
				ASSETCATALOG_COMPILER_APPICON_NAME = AppIcon;
				ASSETCATALOG_COMPILER_GLOBAL_ACCENT_COLOR_NAME = AccentColor;
				CODE_SIGN_STYLE = Automatic;
				CURRENT_PROJECT_VERSION = 1;
				DEVELOPMENT_ASSET_PATHS = "\"SnowSeeker/Preview Content\"";
				DEVELOPMENT_TEAM = 5B8K6663CP;
				ENABLE_PREVIEWS = YES;
				GENERATE_INFOPLIST_FILE = YES;
				INFOPLIST_KEY_UIApplicationSceneManifest_Generation = YES;
				INFOPLIST_KEY_UIApplicationSupportsIndirectInputEvents = YES;
				INFOPLIST_KEY_UILaunchScreen_Generation = YES;
				INFOPLIST_KEY_UISupportedInterfaceOrientations_iPad = "UIInterfaceOrientationPortrait UIInterfaceOrientationPortraitUpsideDown UIInterfaceOrientationLandscapeLeft UIInterfaceOrientationLandscapeRight";
				INFOPLIST_KEY_UISupportedInterfaceOrientations_iPhone = "UIInterfaceOrientationPortrait UIInterfaceOrientationLandscapeLeft UIInterfaceOrientationLandscapeRight";
				LD_RUNPATH_SEARCH_PATHS = (
					"$(inherited)",
					"@executable_path/Frameworks",
				);
				MARKETING_VERSION = 1.0;
				PRODUCT_BUNDLE_IDENTIFIER = "demo.ivanov-mi.SnowSeeker";
				PRODUCT_NAME = "$(TARGET_NAME)";
				SWIFT_EMIT_LOC_STRINGS = YES;
				SWIFT_VERSION = 5.0;
				TARGETED_DEVICE_FAMILY = "1,2";
			};
			name = Debug;
		};
		ABCAF2862C19C58500A869DB /* Release */ = {
			isa = XCBuildConfiguration;
			buildSettings = {
				ASSETCATALOG_COMPILER_APPICON_NAME = AppIcon;
				ASSETCATALOG_COMPILER_GLOBAL_ACCENT_COLOR_NAME = AccentColor;
				CODE_SIGN_STYLE = Automatic;
				CURRENT_PROJECT_VERSION = 1;
				DEVELOPMENT_ASSET_PATHS = "\"SnowSeeker/Preview Content\"";
				DEVELOPMENT_TEAM = 5B8K6663CP;
				ENABLE_PREVIEWS = YES;
				GENERATE_INFOPLIST_FILE = YES;
				INFOPLIST_KEY_UIApplicationSceneManifest_Generation = YES;
				INFOPLIST_KEY_UIApplicationSupportsIndirectInputEvents = YES;
				INFOPLIST_KEY_UILaunchScreen_Generation = YES;
				INFOPLIST_KEY_UISupportedInterfaceOrientations_iPad = "UIInterfaceOrientationPortrait UIInterfaceOrientationPortraitUpsideDown UIInterfaceOrientationLandscapeLeft UIInterfaceOrientationLandscapeRight";
				INFOPLIST_KEY_UISupportedInterfaceOrientations_iPhone = "UIInterfaceOrientationPortrait UIInterfaceOrientationLandscapeLeft UIInterfaceOrientationLandscapeRight";
				LD_RUNPATH_SEARCH_PATHS = (
					"$(inherited)",
					"@executable_path/Frameworks",
				);
				MARKETING_VERSION = 1.0;
				PRODUCT_BUNDLE_IDENTIFIER = "demo.ivanov-mi.SnowSeeker";
				PRODUCT_NAME = "$(TARGET_NAME)";
				SWIFT_EMIT_LOC_STRINGS = YES;
				SWIFT_VERSION = 5.0;
				TARGETED_DEVICE_FAMILY = "1,2";
			};
			name = Release;
		};
/* End XCBuildConfiguration section */

/* Begin XCConfigurationList section */
		ABCAF2712C19C58200A869DB /* Build configuration list for PBXProject "SnowSeeker" */ = {
			isa = XCConfigurationList;
			buildConfigurations = (
				ABCAF2822C19C58500A869DB /* Debug */,
				ABCAF2832C19C58500A869DB /* Release */,
			);
			defaultConfigurationIsVisible = 0;
			defaultConfigurationName = Release;
		};
		ABCAF2842C19C58500A869DB /* Build configuration list for PBXNativeTarget "SnowSeeker" */ = {
			isa = XCConfigurationList;
			buildConfigurations = (
				ABCAF2852C19C58500A869DB /* Debug */,
				ABCAF2862C19C58500A869DB /* Release */,
			);
			defaultConfigurationIsVisible = 0;
			defaultConfigurationName = Release;
		};
/* End XCConfigurationList section */
	};
	rootObject = ABCAF26E2C19C58200A869DB /* Project object */;
}
